
Microsoft Visual Studio Solution File, Format Version 12.00
# Visual Studio 15
VisualStudioVersion = 15.0.28307.102
MinimumVisualStudioVersion = 10.0.40219.1
Project("{FAE04EC0-301F-11D3-BF4B-00C04F79EFBC}") = "ISTC.coddingschool.System.IO", "ISTC.coddingschool.System.IO\ISTC.coddingschool.System.IO.csproj", "{54C64D12-7CE6-4A36-8CF9-8B73D89A11B6}"
EndProject
Project("{FAE04EC0-301F-11D3-BF4B-00C04F79EFBC}") = "ISTC.codingschool.OOP.Reflection1", "ISTC.codingschool.OOP.Reflection1\ISTC.codingschool.OOP.Reflection1.csproj", "{4F3A30B4-4898-4428-954B-BCA107A1B167}"
EndProject
Project("{FAE04EC0-301F-11D3-BF4B-00C04F79EFBC}") = "ISTC.codingschool.OOP.Reflection.Assembly", "ISTC.codingschool.OOP.Reflection.Assembly\ISTC.codingschool.OOP.Reflection.Assembly.csproj", "{55EB3FE4-28DA-40DB-AD3D-53B8060692AD}"
EndProject
Project("{FAE04EC0-301F-11D3-BF4B-00C04F79EFBC}") = "ReflectionOfProject.Assembly,MyCar", "ReflectionOfProjectMyCar\ReflectionOfProject.Assembly,MyCar.csproj", "{CF9E9D96-0DEA-420F-B762-9F7A3FCB2901}"
EndProject
Project("{FAE04EC0-301F-11D3-BF4B-00C04F79EFBC}") = "ISTC.codingschool.OOP.Attributes", "ISTC.codingschool.OOP.Attributes\ISTC.codingschool.OOP.Attributes.csproj", "{CD72E7BA-495D-430A-AFDB-2B1DA4ACC7CD}"
EndProject
Project("{FAE04EC0-301F-11D3-BF4B-00C04F79EFBC}") = "ISTC.codingschool.OOP.Attributes.1", "ISTC.codingschool.OOP.Attributes.1\ISTC.codingschool.OOP.Attributes.1.csproj", "{B5AAB857-DB04-455A-A344-73F7C508BB42}"
EndProject
Project("{FAE04EC0-301F-11D3-BF4B-00C04F79EFBC}") = "ISTC.codingschool.OOP.Attribute.2", "ISTC.codingschool.OOP.Attribute.2\ISTC.codingschool.OOP.Attribute.2.csproj", "{4BA5D7D9-64E5-4485-A0E4-12D861954AFF}"
EndProject
Project("{2150E333-8FDC-42A3-9474-1A3956D46DE8}") = "ISTC.codingschool.OOP.prof.destructor", "ISTC.codingschool.OOP.prof.destructor", "{4ECFF6AD-6EF3-49D8-B352-F33BD6293466}"
EndProject
Project("{FAE04EC0-301F-11D3-BF4B-00C04F79EFBC}") = "Exemple 1", "ISTC.codingschool.OOP.prof.destructor\Exemple 1\Exemple 1.csproj", "{174C4FCB-0817-49A0-B2A7-4435E15CA888}"
EndProject
Project("{FAE04EC0-301F-11D3-BF4B-00C04F79EFBC}") = "Exemple 2", "ISTC.codingschool.OOP.prof.destructor\Exemple 2\Exemple 2.csproj", "{796B22F8-B1D0-44DD-94B7-68F6CDBE4647}"
EndProject
Project("{2150E333-8FDC-42A3-9474-1A3956D46DE8}") = "ISTC.coingschool.OOP.Prof.GC", "ISTC.coingschool.OOP.Prof.GC", "{95053C53-A9D1-4605-8955-4756CEC65D6E}"
EndProject
Project("{FAE04EC0-301F-11D3-BF4B-00C04F79EFBC}") = "Exemple 1", "ISTC.Codingschool.OOP.prof.GC\Exemple 1\Exemple 1.csproj", "{2D20C106-75B0-451F-ABCB-A933DA0C8D8C}"
EndProject
Project("{FAE04EC0-301F-11D3-BF4B-00C04F79EFBC}") = "Exemple 2", "ISTC.Codingschool.OOP.prof.GC\ConsoleApp1\Exemple 2.csproj", "{1DC42D8E-1977-431E-BBF4-CD11492586C7}"
EndProject
Project("{FAE04EC0-301F-11D3-BF4B-00C04F79EFBC}") = "RandomFile", "Random\RandomFile.csproj", "{679611FD-0246-4B15-B9A0-E3ADB2CDB13C}"
EndProject
Project("{2150E333-8FDC-42A3-9474-1A3956D46DE8}") = "ISTC.codingschool.OOP.Task", "ISTC.codingschool.OOP.Task", "{60F1FE9B-B613-46FE-AF68-1FB0AF8E804E}"
EndProject
Project("{FAE04EC0-301F-11D3-BF4B-00C04F79EFBC}") = "Task.exemple 1", "ISTC.codingschool.OOP.Task\Task.exemple 1\Task.exemple 1.csproj", "{EF447DB0-6E85-4AB9-B480-E07F55AD22CC}"
EndProject
Project("{FAE04EC0-301F-11D3-BF4B-00C04F79EFBC}") = "Exemple 2", "ISTC.codingschool.OOP.Task\Exemple 2\Exemple 2.csproj", "{520329F5-675F-4D20-A29C-1F16133F33CB}"
EndProject
Project("{2150E333-8FDC-42A3-9474-1A3956D46DE8}") = "ISTC.codingschool.OOP.AsycAwait", "ISTC.codingschool.OOP.AsycAwait", "{A9A75BA2-FF06-45D5-8266-FFB0FA32C7D0}"
EndProject
Project("{FAE04EC0-301F-11D3-BF4B-00C04F79EFBC}") = "Exemple 1", "ISTC.codingschool.OOP.AsycAwait\Exemple 1\Exemple 1.csproj", "{149B1981-2E14-40FD-9D77-2037DB73183C}"
EndProject
Project("{FAE04EC0-301F-11D3-BF4B-00C04F79EFBC}") = "Exemple 2", "ISTC.codingschool.OOP.AsycAwait\Exemple 2\Exemple 2.csproj", "{3B4DC110-F6A5-43DB-9ABA-7E6C1570A0E4}"
EndProject
Project("{2150E333-8FDC-42A3-9474-1A3956D46DE8}") = "ISTC.codingschool.OOP.Collections", "ISTC.codingschool.OOP.Collections", "{A232D34E-F682-4AE7-9A0D-C22C5E6AA2E7}"
EndProject
Project("{FAE04EC0-301F-11D3-BF4B-00C04F79EFBC}") = "Exemple 1", "ISTC.codingschool.OOP.Collections\Exemple 1\Exemple 1.csproj", "{71012411-749B-4192-890C-34D88B61CF41}"
EndProject
Project("{FAE04EC0-301F-11D3-BF4B-00C04F79EFBC}") = "Dictionary.exemple", "ISTC.codingschool.OOP.Collections\Dictionary.exemple\Dictionary.exemple.csproj", "{E285E5FE-3119-418A-8B7A-753544E33EAE}"
EndProject
Project("{FAE04EC0-301F-11D3-BF4B-00C04F79EFBC}") = "Stack.Exempl", "ISTC.codingschool.OOP.Collections\Stack.Exempl\Stack.Exempl.csproj", "{674FE5AE-1B44-4D79-BD7E-D9DF95153136}"
EndProject
Project("{2150E333-8FDC-42A3-9474-1A3956D46DE8}") = "ISTC.codingschool.OOP.Algoritms", "ISTC.codingschool.OOP.Algoritms", "{6C670191-030D-4414-A7FB-58A418E03440}"
EndProject
Project("{FAE04EC0-301F-11D3-BF4B-00C04F79EFBC}") = "BoubleSort", "ISTC.codingschool.OOP.Algoritms\BoubleSort\BoubleSort.csproj", "{36181374-17C8-43B1-B372-857BADD4957E}"
EndProject
Project("{FAE04EC0-301F-11D3-BF4B-00C04F79EFBC}") = "Insert sort", "ISTC.codingschool.OOP.Algoritms\Insert sort\Insert sort.csproj", "{538F8759-B225-443E-AFC2-2CEAFDDC9CD3}"
EndProject
Project("{FAE04EC0-301F-11D3-BF4B-00C04F79EFBC}") = "InsertSort", "ISTC.codingschool.OOP.Algoritms\InsertSort\InsertSort.csproj", "{184385AC-A522-4671-A0EB-B7D6F2AFB82E}"
EndProject
Project("{FAE04EC0-301F-11D3-BF4B-00C04F79EFBC}") = "ReflectionDll", "ReflectionDll\ReflectionDll.csproj", "{59EB8CC9-060E-49A0-B606-CE644FFA8A2D}"
EndProject
Project("{FAE04EC0-301F-11D3-BF4B-00C04F79EFBC}") = "ISTC.codingschool.OOP.job links", "ISTC.codingschool.OOP.job links\ISTC.codingschool.OOP.job links.csproj", "{3DA91B8C-3B34-4C92-A1E5-B40368846478}"
EndProject
Project("{2150E333-8FDC-42A3-9474-1A3956D46DE8}") = "ISTC.codingschool.OOP.Staff.am", "ISTC.codingschool.OOP.Staff.am", "{59E4E9FE-0620-46C6-9266-0F3D4D6A2DC6}"
EndProject
Project("{FAE04EC0-301F-11D3-BF4B-00C04F79EFBC}") = "Staff.am Project", "ISTC.codingschool.OOP.Staff.am\Staff.am Project\Staff.am Project.csproj", "{E03FF345-A783-44DE-B7F3-2B9CE082728E}"
EndProject
Project("{FAE04EC0-301F-11D3-BF4B-00C04F79EFBC}") = "ISTC.Codingschool.OOP.Homework", "ISTC.Codingschool.OOP.Homework\ISTC.Codingschool.OOP.Homework.csproj", "{17CF5415-9DF8-40B6-BA7D-E6F9B1786D6F}"
EndProject
Project("{2150E333-8FDC-42A3-9474-1A3956D46DE8}") = "CodeSignal", "CodeSignal", "{98D826D7-0F96-4ABC-B4B9-455D9CCB3676}"
EndProject
Project("{FAE04EC0-301F-11D3-BF4B-00C04F79EFBC}") = "INTRO.Exemple12", "CodeSignal\INTRO.Exemple12\INTRO.Exemple12.csproj", "{936E1121-93C7-45A1-9615-BA97D8B10ECC}"
EndProject
Project("{FAE04EC0-301F-11D3-BF4B-00C04F79EFBC}") = "Exemple 13", "CodeSignal\Exemple 13\Exemple 13.csproj", "{77EDA29B-2FD0-4F36-8339-287BE1ED57D9}"
EndProject
Project("{FAE04EC0-301F-11D3-BF4B-00C04F79EFBC}") = "Exemple 14", "CodeSignal\Exemple 14\Exemple 14.csproj", "{559BF931-BCBC-4885-8DFC-5C0A973CFBE5}"
EndProject
Project("{FAE04EC0-301F-11D3-BF4B-00C04F79EFBC}") = "Intro exemple 15", "CodeSignal\Intro exemple 15\Intro exemple 15.csproj", "{B979937B-7361-425D-B268-3B817F163AFA}"
EndProject
Project("{FAE04EC0-301F-11D3-BF4B-00C04F79EFBC}") = "Exemple 16", "CodeSignal\Exemple 16\Exemple 16.csproj", "{F39690F9-7278-41C0-81AE-946AFFE7658F}"
EndProject
Project("{FAE04EC0-301F-11D3-BF4B-00C04F79EFBC}") = "Exemple 17", "CodeSignal\Exemple 17\Exemple 17.csproj", "{32DDA3C0-6022-4E14-B545-F0767B43D258}"
EndProject
Project("{FAE04EC0-301F-11D3-BF4B-00C04F79EFBC}") = "Exemple 18", "CodeSignal\Exemple 13\Exemple 18\Exemple 18.csproj", "{16D3192B-3529-43CD-BF8D-78594963A3D8}"
EndProject
Project("{FAE04EC0-301F-11D3-BF4B-00C04F79EFBC}") = "Exemple 19", "CodeSignal\Exemple 19\Exemple 19.csproj", "{80E9C6E4-09F0-4F91-A005-48C51C4B50D6}"
EndProject
Project("{FAE04EC0-301F-11D3-BF4B-00C04F79EFBC}") = "Exemple 20", "CodeSignal\Exemple 20\Exemple 20.csproj", "{24731FA0-BA54-47D8-A0A0-44D1BA108782}"
EndProject
Project("{FAE04EC0-301F-11D3-BF4B-00C04F79EFBC}") = "Task", "CodeSignal\Task\Task.csproj", "{3FC663B1-3D49-4E03-A92E-0EC3E575F6F8}"
EndProject
Project("{FAE04EC0-301F-11D3-BF4B-00C04F79EFBC}") = "Task 2", "CodeSignal\Task 2\Task 2.csproj", "{FAAC7CE4-A1FC-4B0A-B4AC-D26919434965}"
EndProject
Project("{FAE04EC0-301F-11D3-BF4B-00C04F79EFBC}") = "EXtentionMethods. Exemple 2", "ISTC.Codingschool.OOP.Extensionmethods\Exemple 2\EXtentionMethods. Exemple 2.csproj", "{DBCA4817-98AF-4423-AFEB-EAABB51B5497}"
EndProject
Project("{2150E333-8FDC-42A3-9474-1A3956D46DE8}") = "ISTC.Codingschool.OOP.lyamda", "ISTC.Codingschool.OOP.lyamda", "{4DD67118-C24A-4EB8-A4B9-D8F7782E3677}"
EndProject
Project("{FAE04EC0-301F-11D3-BF4B-00C04F79EFBC}") = "Lyamda.Exemple 1", "ISTC.Codingschool.OOP.lyamda\Lyamda.Exemple 1\Lyamda.Exemple 1.csproj", "{A08F3794-DCF7-486F-931A-3D48D6FCBFA7}"
EndProject
Project("{2150E333-8FDC-42A3-9474-1A3956D46DE8}") = "ISTC.Codingschool.OOP.Delegates", "ISTC.Codingschool.OOP.Delegates", "{E208217D-8E67-4D78-83FB-1955AEE2447E}"
EndProject
Project("{FAE04EC0-301F-11D3-BF4B-00C04F79EFBC}") = "Delegate.Exemple 1", "ISTC.Codingschool.OOP.Delegates\Delegate.Exemple 1\Delegate.Exemple 1.csproj", "{D1E9AA37-795A-4CC2-A02F-A7BC6C2DD31C}"
EndProject
Project("{FAE04EC0-301F-11D3-BF4B-00C04F79EFBC}") = "Delegate.Actions", "ISTC.Codingschool.OOP.Delegates\Delegate.Action\Delegate.Actions.csproj", "{A23C7C82-1450-4CE9-8C7B-2D69C5DFBAC2}"
EndProject
Global
	GlobalSection(SolutionConfigurationPlatforms) = preSolution
		Debug|Any CPU = Debug|Any CPU
		Release|Any CPU = Release|Any CPU
	EndGlobalSection
	GlobalSection(ProjectConfigurationPlatforms) = postSolution
		{54C64D12-7CE6-4A36-8CF9-8B73D89A11B6}.Debug|Any CPU.ActiveCfg = Debug|Any CPU
		{54C64D12-7CE6-4A36-8CF9-8B73D89A11B6}.Debug|Any CPU.Build.0 = Debug|Any CPU
		{54C64D12-7CE6-4A36-8CF9-8B73D89A11B6}.Release|Any CPU.ActiveCfg = Release|Any CPU
		{54C64D12-7CE6-4A36-8CF9-8B73D89A11B6}.Release|Any CPU.Build.0 = Release|Any CPU
		{4F3A30B4-4898-4428-954B-BCA107A1B167}.Debug|Any CPU.ActiveCfg = Debug|Any CPU
		{4F3A30B4-4898-4428-954B-BCA107A1B167}.Debug|Any CPU.Build.0 = Debug|Any CPU
		{4F3A30B4-4898-4428-954B-BCA107A1B167}.Release|Any CPU.ActiveCfg = Release|Any CPU
		{4F3A30B4-4898-4428-954B-BCA107A1B167}.Release|Any CPU.Build.0 = Release|Any CPU
		{55EB3FE4-28DA-40DB-AD3D-53B8060692AD}.Debug|Any CPU.ActiveCfg = Debug|Any CPU
		{55EB3FE4-28DA-40DB-AD3D-53B8060692AD}.Debug|Any CPU.Build.0 = Debug|Any CPU
		{55EB3FE4-28DA-40DB-AD3D-53B8060692AD}.Release|Any CPU.ActiveCfg = Release|Any CPU
		{55EB3FE4-28DA-40DB-AD3D-53B8060692AD}.Release|Any CPU.Build.0 = Release|Any CPU
		{CF9E9D96-0DEA-420F-B762-9F7A3FCB2901}.Debug|Any CPU.ActiveCfg = Debug|Any CPU
		{CF9E9D96-0DEA-420F-B762-9F7A3FCB2901}.Debug|Any CPU.Build.0 = Debug|Any CPU
		{CF9E9D96-0DEA-420F-B762-9F7A3FCB2901}.Release|Any CPU.ActiveCfg = Release|Any CPU
		{CF9E9D96-0DEA-420F-B762-9F7A3FCB2901}.Release|Any CPU.Build.0 = Release|Any CPU
		{CD72E7BA-495D-430A-AFDB-2B1DA4ACC7CD}.Debug|Any CPU.ActiveCfg = Debug|Any CPU
		{CD72E7BA-495D-430A-AFDB-2B1DA4ACC7CD}.Debug|Any CPU.Build.0 = Debug|Any CPU
		{CD72E7BA-495D-430A-AFDB-2B1DA4ACC7CD}.Release|Any CPU.ActiveCfg = Release|Any CPU
		{CD72E7BA-495D-430A-AFDB-2B1DA4ACC7CD}.Release|Any CPU.Build.0 = Release|Any CPU
		{B5AAB857-DB04-455A-A344-73F7C508BB42}.Debug|Any CPU.ActiveCfg = Debug|Any CPU
		{B5AAB857-DB04-455A-A344-73F7C508BB42}.Debug|Any CPU.Build.0 = Debug|Any CPU
		{B5AAB857-DB04-455A-A344-73F7C508BB42}.Release|Any CPU.ActiveCfg = Release|Any CPU
		{B5AAB857-DB04-455A-A344-73F7C508BB42}.Release|Any CPU.Build.0 = Release|Any CPU
		{4BA5D7D9-64E5-4485-A0E4-12D861954AFF}.Debug|Any CPU.ActiveCfg = Debug|Any CPU
		{4BA5D7D9-64E5-4485-A0E4-12D861954AFF}.Debug|Any CPU.Build.0 = Debug|Any CPU
		{4BA5D7D9-64E5-4485-A0E4-12D861954AFF}.Release|Any CPU.ActiveCfg = Release|Any CPU
		{4BA5D7D9-64E5-4485-A0E4-12D861954AFF}.Release|Any CPU.Build.0 = Release|Any CPU
		{174C4FCB-0817-49A0-B2A7-4435E15CA888}.Debug|Any CPU.ActiveCfg = Debug|Any CPU
		{174C4FCB-0817-49A0-B2A7-4435E15CA888}.Debug|Any CPU.Build.0 = Debug|Any CPU
		{174C4FCB-0817-49A0-B2A7-4435E15CA888}.Release|Any CPU.ActiveCfg = Release|Any CPU
		{174C4FCB-0817-49A0-B2A7-4435E15CA888}.Release|Any CPU.Build.0 = Release|Any CPU
		{796B22F8-B1D0-44DD-94B7-68F6CDBE4647}.Debug|Any CPU.ActiveCfg = Debug|Any CPU
		{796B22F8-B1D0-44DD-94B7-68F6CDBE4647}.Debug|Any CPU.Build.0 = Debug|Any CPU
		{796B22F8-B1D0-44DD-94B7-68F6CDBE4647}.Release|Any CPU.ActiveCfg = Release|Any CPU
		{796B22F8-B1D0-44DD-94B7-68F6CDBE4647}.Release|Any CPU.Build.0 = Release|Any CPU
		{2D20C106-75B0-451F-ABCB-A933DA0C8D8C}.Debug|Any CPU.ActiveCfg = Debug|Any CPU
		{2D20C106-75B0-451F-ABCB-A933DA0C8D8C}.Debug|Any CPU.Build.0 = Debug|Any CPU
		{2D20C106-75B0-451F-ABCB-A933DA0C8D8C}.Release|Any CPU.ActiveCfg = Release|Any CPU
		{2D20C106-75B0-451F-ABCB-A933DA0C8D8C}.Release|Any CPU.Build.0 = Release|Any CPU
		{1DC42D8E-1977-431E-BBF4-CD11492586C7}.Debug|Any CPU.ActiveCfg = Debug|Any CPU
		{1DC42D8E-1977-431E-BBF4-CD11492586C7}.Debug|Any CPU.Build.0 = Debug|Any CPU
		{1DC42D8E-1977-431E-BBF4-CD11492586C7}.Release|Any CPU.ActiveCfg = Release|Any CPU
		{1DC42D8E-1977-431E-BBF4-CD11492586C7}.Release|Any CPU.Build.0 = Release|Any CPU
		{679611FD-0246-4B15-B9A0-E3ADB2CDB13C}.Debug|Any CPU.ActiveCfg = Debug|Any CPU
		{679611FD-0246-4B15-B9A0-E3ADB2CDB13C}.Debug|Any CPU.Build.0 = Debug|Any CPU
		{679611FD-0246-4B15-B9A0-E3ADB2CDB13C}.Release|Any CPU.ActiveCfg = Release|Any CPU
		{679611FD-0246-4B15-B9A0-E3ADB2CDB13C}.Release|Any CPU.Build.0 = Release|Any CPU
		{EF447DB0-6E85-4AB9-B480-E07F55AD22CC}.Debug|Any CPU.ActiveCfg = Debug|Any CPU
		{EF447DB0-6E85-4AB9-B480-E07F55AD22CC}.Debug|Any CPU.Build.0 = Debug|Any CPU
		{EF447DB0-6E85-4AB9-B480-E07F55AD22CC}.Release|Any CPU.ActiveCfg = Release|Any CPU
		{EF447DB0-6E85-4AB9-B480-E07F55AD22CC}.Release|Any CPU.Build.0 = Release|Any CPU
		{520329F5-675F-4D20-A29C-1F16133F33CB}.Debug|Any CPU.ActiveCfg = Debug|Any CPU
		{520329F5-675F-4D20-A29C-1F16133F33CB}.Debug|Any CPU.Build.0 = Debug|Any CPU
		{520329F5-675F-4D20-A29C-1F16133F33CB}.Release|Any CPU.ActiveCfg = Release|Any CPU
		{520329F5-675F-4D20-A29C-1F16133F33CB}.Release|Any CPU.Build.0 = Release|Any CPU
		{149B1981-2E14-40FD-9D77-2037DB73183C}.Debug|Any CPU.ActiveCfg = Debug|Any CPU
		{149B1981-2E14-40FD-9D77-2037DB73183C}.Debug|Any CPU.Build.0 = Debug|Any CPU
		{149B1981-2E14-40FD-9D77-2037DB73183C}.Release|Any CPU.ActiveCfg = Release|Any CPU
		{149B1981-2E14-40FD-9D77-2037DB73183C}.Release|Any CPU.Build.0 = Release|Any CPU
		{3B4DC110-F6A5-43DB-9ABA-7E6C1570A0E4}.Debug|Any CPU.ActiveCfg = Debug|Any CPU
		{3B4DC110-F6A5-43DB-9ABA-7E6C1570A0E4}.Debug|Any CPU.Build.0 = Debug|Any CPU
		{3B4DC110-F6A5-43DB-9ABA-7E6C1570A0E4}.Release|Any CPU.ActiveCfg = Release|Any CPU
		{3B4DC110-F6A5-43DB-9ABA-7E6C1570A0E4}.Release|Any CPU.Build.0 = Release|Any CPU
		{71012411-749B-4192-890C-34D88B61CF41}.Debug|Any CPU.ActiveCfg = Debug|Any CPU
		{71012411-749B-4192-890C-34D88B61CF41}.Debug|Any CPU.Build.0 = Debug|Any CPU
		{71012411-749B-4192-890C-34D88B61CF41}.Release|Any CPU.ActiveCfg = Release|Any CPU
		{71012411-749B-4192-890C-34D88B61CF41}.Release|Any CPU.Build.0 = Release|Any CPU
		{E285E5FE-3119-418A-8B7A-753544E33EAE}.Debug|Any CPU.ActiveCfg = Debug|Any CPU
		{E285E5FE-3119-418A-8B7A-753544E33EAE}.Debug|Any CPU.Build.0 = Debug|Any CPU
		{E285E5FE-3119-418A-8B7A-753544E33EAE}.Release|Any CPU.ActiveCfg = Release|Any CPU
		{E285E5FE-3119-418A-8B7A-753544E33EAE}.Release|Any CPU.Build.0 = Release|Any CPU
		{674FE5AE-1B44-4D79-BD7E-D9DF95153136}.Debug|Any CPU.ActiveCfg = Debug|Any CPU
		{674FE5AE-1B44-4D79-BD7E-D9DF95153136}.Debug|Any CPU.Build.0 = Debug|Any CPU
		{674FE5AE-1B44-4D79-BD7E-D9DF95153136}.Release|Any CPU.ActiveCfg = Release|Any CPU
		{674FE5AE-1B44-4D79-BD7E-D9DF95153136}.Release|Any CPU.Build.0 = Release|Any CPU
		{36181374-17C8-43B1-B372-857BADD4957E}.Debug|Any CPU.ActiveCfg = Debug|Any CPU
		{36181374-17C8-43B1-B372-857BADD4957E}.Debug|Any CPU.Build.0 = Debug|Any CPU
		{36181374-17C8-43B1-B372-857BADD4957E}.Release|Any CPU.ActiveCfg = Release|Any CPU
		{36181374-17C8-43B1-B372-857BADD4957E}.Release|Any CPU.Build.0 = Release|Any CPU
		{538F8759-B225-443E-AFC2-2CEAFDDC9CD3}.Debug|Any CPU.ActiveCfg = Debug|Any CPU
		{538F8759-B225-443E-AFC2-2CEAFDDC9CD3}.Debug|Any CPU.Build.0 = Debug|Any CPU
		{538F8759-B225-443E-AFC2-2CEAFDDC9CD3}.Release|Any CPU.ActiveCfg = Release|Any CPU
		{538F8759-B225-443E-AFC2-2CEAFDDC9CD3}.Release|Any CPU.Build.0 = Release|Any CPU
		{184385AC-A522-4671-A0EB-B7D6F2AFB82E}.Debug|Any CPU.ActiveCfg = Debug|Any CPU
		{184385AC-A522-4671-A0EB-B7D6F2AFB82E}.Debug|Any CPU.Build.0 = Debug|Any CPU
		{184385AC-A522-4671-A0EB-B7D6F2AFB82E}.Release|Any CPU.ActiveCfg = Release|Any CPU
		{184385AC-A522-4671-A0EB-B7D6F2AFB82E}.Release|Any CPU.Build.0 = Release|Any CPU
		{59EB8CC9-060E-49A0-B606-CE644FFA8A2D}.Debug|Any CPU.ActiveCfg = Debug|Any CPU
		{59EB8CC9-060E-49A0-B606-CE644FFA8A2D}.Debug|Any CPU.Build.0 = Debug|Any CPU
		{59EB8CC9-060E-49A0-B606-CE644FFA8A2D}.Release|Any CPU.ActiveCfg = Release|Any CPU
		{59EB8CC9-060E-49A0-B606-CE644FFA8A2D}.Release|Any CPU.Build.0 = Release|Any CPU
		{3DA91B8C-3B34-4C92-A1E5-B40368846478}.Debug|Any CPU.ActiveCfg = Debug|Any CPU
		{3DA91B8C-3B34-4C92-A1E5-B40368846478}.Debug|Any CPU.Build.0 = Debug|Any CPU
		{3DA91B8C-3B34-4C92-A1E5-B40368846478}.Release|Any CPU.ActiveCfg = Release|Any CPU
		{3DA91B8C-3B34-4C92-A1E5-B40368846478}.Release|Any CPU.Build.0 = Release|Any CPU
		{E03FF345-A783-44DE-B7F3-2B9CE082728E}.Debug|Any CPU.ActiveCfg = Debug|Any CPU
		{E03FF345-A783-44DE-B7F3-2B9CE082728E}.Debug|Any CPU.Build.0 = Debug|Any CPU
		{E03FF345-A783-44DE-B7F3-2B9CE082728E}.Release|Any CPU.ActiveCfg = Release|Any CPU
		{E03FF345-A783-44DE-B7F3-2B9CE082728E}.Release|Any CPU.Build.0 = Release|Any CPU
		{17CF5415-9DF8-40B6-BA7D-E6F9B1786D6F}.Debug|Any CPU.ActiveCfg = Debug|Any CPU
		{17CF5415-9DF8-40B6-BA7D-E6F9B1786D6F}.Debug|Any CPU.Build.0 = Debug|Any CPU
		{17CF5415-9DF8-40B6-BA7D-E6F9B1786D6F}.Release|Any CPU.ActiveCfg = Release|Any CPU
		{17CF5415-9DF8-40B6-BA7D-E6F9B1786D6F}.Release|Any CPU.Build.0 = Release|Any CPU
		{936E1121-93C7-45A1-9615-BA97D8B10ECC}.Debug|Any CPU.ActiveCfg = Debug|Any CPU
		{936E1121-93C7-45A1-9615-BA97D8B10ECC}.Debug|Any CPU.Build.0 = Debug|Any CPU
		{936E1121-93C7-45A1-9615-BA97D8B10ECC}.Release|Any CPU.ActiveCfg = Release|Any CPU
		{936E1121-93C7-45A1-9615-BA97D8B10ECC}.Release|Any CPU.Build.0 = Release|Any CPU
		{77EDA29B-2FD0-4F36-8339-287BE1ED57D9}.Debug|Any CPU.ActiveCfg = Debug|Any CPU
		{77EDA29B-2FD0-4F36-8339-287BE1ED57D9}.Debug|Any CPU.Build.0 = Debug|Any CPU
		{77EDA29B-2FD0-4F36-8339-287BE1ED57D9}.Release|Any CPU.ActiveCfg = Release|Any CPU
		{77EDA29B-2FD0-4F36-8339-287BE1ED57D9}.Release|Any CPU.Build.0 = Release|Any CPU
		{559BF931-BCBC-4885-8DFC-5C0A973CFBE5}.Debug|Any CPU.ActiveCfg = Debug|Any CPU
		{559BF931-BCBC-4885-8DFC-5C0A973CFBE5}.Debug|Any CPU.Build.0 = Debug|Any CPU
		{559BF931-BCBC-4885-8DFC-5C0A973CFBE5}.Release|Any CPU.ActiveCfg = Release|Any CPU
		{559BF931-BCBC-4885-8DFC-5C0A973CFBE5}.Release|Any CPU.Build.0 = Release|Any CPU
		{B979937B-7361-425D-B268-3B817F163AFA}.Debug|Any CPU.ActiveCfg = Debug|Any CPU
		{B979937B-7361-425D-B268-3B817F163AFA}.Debug|Any CPU.Build.0 = Debug|Any CPU
		{B979937B-7361-425D-B268-3B817F163AFA}.Release|Any CPU.ActiveCfg = Release|Any CPU
		{B979937B-7361-425D-B268-3B817F163AFA}.Release|Any CPU.Build.0 = Release|Any CPU
		{F39690F9-7278-41C0-81AE-946AFFE7658F}.Debug|Any CPU.ActiveCfg = Debug|Any CPU
		{F39690F9-7278-41C0-81AE-946AFFE7658F}.Debug|Any CPU.Build.0 = Debug|Any CPU
		{F39690F9-7278-41C0-81AE-946AFFE7658F}.Release|Any CPU.ActiveCfg = Release|Any CPU
		{F39690F9-7278-41C0-81AE-946AFFE7658F}.Release|Any CPU.Build.0 = Release|Any CPU
		{32DDA3C0-6022-4E14-B545-F0767B43D258}.Debug|Any CPU.ActiveCfg = Debug|Any CPU
		{32DDA3C0-6022-4E14-B545-F0767B43D258}.Debug|Any CPU.Build.0 = Debug|Any CPU
		{32DDA3C0-6022-4E14-B545-F0767B43D258}.Release|Any CPU.ActiveCfg = Release|Any CPU
		{32DDA3C0-6022-4E14-B545-F0767B43D258}.Release|Any CPU.Build.0 = Release|Any CPU
		{16D3192B-3529-43CD-BF8D-78594963A3D8}.Debug|Any CPU.ActiveCfg = Debug|Any CPU
		{16D3192B-3529-43CD-BF8D-78594963A3D8}.Debug|Any CPU.Build.0 = Debug|Any CPU
		{16D3192B-3529-43CD-BF8D-78594963A3D8}.Release|Any CPU.ActiveCfg = Release|Any CPU
		{16D3192B-3529-43CD-BF8D-78594963A3D8}.Release|Any CPU.Build.0 = Release|Any CPU
		{80E9C6E4-09F0-4F91-A005-48C51C4B50D6}.Debug|Any CPU.ActiveCfg = Debug|Any CPU
		{80E9C6E4-09F0-4F91-A005-48C51C4B50D6}.Debug|Any CPU.Build.0 = Debug|Any CPU
		{80E9C6E4-09F0-4F91-A005-48C51C4B50D6}.Release|Any CPU.ActiveCfg = Release|Any CPU
		{80E9C6E4-09F0-4F91-A005-48C51C4B50D6}.Release|Any CPU.Build.0 = Release|Any CPU
		{24731FA0-BA54-47D8-A0A0-44D1BA108782}.Debug|Any CPU.ActiveCfg = Debug|Any CPU
		{24731FA0-BA54-47D8-A0A0-44D1BA108782}.Debug|Any CPU.Build.0 = Debug|Any CPU
		{24731FA0-BA54-47D8-A0A0-44D1BA108782}.Release|Any CPU.ActiveCfg = Release|Any CPU
		{24731FA0-BA54-47D8-A0A0-44D1BA108782}.Release|Any CPU.Build.0 = Release|Any CPU
		{3FC663B1-3D49-4E03-A92E-0EC3E575F6F8}.Debug|Any CPU.ActiveCfg = Debug|Any CPU
		{3FC663B1-3D49-4E03-A92E-0EC3E575F6F8}.Debug|Any CPU.Build.0 = Debug|Any CPU
		{3FC663B1-3D49-4E03-A92E-0EC3E575F6F8}.Release|Any CPU.ActiveCfg = Release|Any CPU
		{3FC663B1-3D49-4E03-A92E-0EC3E575F6F8}.Release|Any CPU.Build.0 = Release|Any CPU
		{FAAC7CE4-A1FC-4B0A-B4AC-D26919434965}.Debug|Any CPU.ActiveCfg = Debug|Any CPU
		{FAAC7CE4-A1FC-4B0A-B4AC-D26919434965}.Debug|Any CPU.Build.0 = Debug|Any CPU
		{FAAC7CE4-A1FC-4B0A-B4AC-D26919434965}.Release|Any CPU.ActiveCfg = Release|Any CPU
		{FAAC7CE4-A1FC-4B0A-B4AC-D26919434965}.Release|Any CPU.Build.0 = Release|Any CPU
		{DBCA4817-98AF-4423-AFEB-EAABB51B5497}.Debug|Any CPU.ActiveCfg = Debug|Any CPU
		{DBCA4817-98AF-4423-AFEB-EAABB51B5497}.Debug|Any CPU.Build.0 = Debug|Any CPU
		{DBCA4817-98AF-4423-AFEB-EAABB51B5497}.Release|Any CPU.ActiveCfg = Release|Any CPU
		{DBCA4817-98AF-4423-AFEB-EAABB51B5497}.Release|Any CPU.Build.0 = Release|Any CPU
		{A08F3794-DCF7-486F-931A-3D48D6FCBFA7}.Debug|Any CPU.ActiveCfg = Debug|Any CPU
		{A08F3794-DCF7-486F-931A-3D48D6FCBFA7}.Debug|Any CPU.Build.0 = Debug|Any CPU
		{A08F3794-DCF7-486F-931A-3D48D6FCBFA7}.Release|Any CPU.ActiveCfg = Release|Any CPU
		{A08F3794-DCF7-486F-931A-3D48D6FCBFA7}.Release|Any CPU.Build.0 = Release|Any CPU
		{D1E9AA37-795A-4CC2-A02F-A7BC6C2DD31C}.Debug|Any CPU.ActiveCfg = Debug|Any CPU
		{D1E9AA37-795A-4CC2-A02F-A7BC6C2DD31C}.Debug|Any CPU.Build.0 = Debug|Any CPU
		{D1E9AA37-795A-4CC2-A02F-A7BC6C2DD31C}.Release|Any CPU.ActiveCfg = Release|Any CPU
		{D1E9AA37-795A-4CC2-A02F-A7BC6C2DD31C}.Release|Any CPU.Build.0 = Release|Any CPU
		{A23C7C82-1450-4CE9-8C7B-2D69C5DFBAC2}.Debug|Any CPU.ActiveCfg = Debug|Any CPU
		{A23C7C82-1450-4CE9-8C7B-2D69C5DFBAC2}.Debug|Any CPU.Build.0 = Debug|Any CPU
		{A23C7C82-1450-4CE9-8C7B-2D69C5DFBAC2}.Release|Any CPU.ActiveCfg = Release|Any CPU
		{A23C7C82-1450-4CE9-8C7B-2D69C5DFBAC2}.Release|Any CPU.Build.0 = Release|Any CPU
	EndGlobalSection
	GlobalSection(SolutionProperties) = preSolution
		HideSolutionNode = FALSE
	EndGlobalSection
	GlobalSection(NestedProjects) = preSolution
		{174C4FCB-0817-49A0-B2A7-4435E15CA888} = {4ECFF6AD-6EF3-49D8-B352-F33BD6293466}
		{796B22F8-B1D0-44DD-94B7-68F6CDBE4647} = {4ECFF6AD-6EF3-49D8-B352-F33BD6293466}
		{2D20C106-75B0-451F-ABCB-A933DA0C8D8C} = {95053C53-A9D1-4605-8955-4756CEC65D6E}
		{1DC42D8E-1977-431E-BBF4-CD11492586C7} = {95053C53-A9D1-4605-8955-4756CEC65D6E}
		{EF447DB0-6E85-4AB9-B480-E07F55AD22CC} = {60F1FE9B-B613-46FE-AF68-1FB0AF8E804E}
		{520329F5-675F-4D20-A29C-1F16133F33CB} = {60F1FE9B-B613-46FE-AF68-1FB0AF8E804E}
		{149B1981-2E14-40FD-9D77-2037DB73183C} = {A9A75BA2-FF06-45D5-8266-FFB0FA32C7D0}
		{3B4DC110-F6A5-43DB-9ABA-7E6C1570A0E4} = {A9A75BA2-FF06-45D5-8266-FFB0FA32C7D0}
		{71012411-749B-4192-890C-34D88B61CF41} = {A232D34E-F682-4AE7-9A0D-C22C5E6AA2E7}
		{E285E5FE-3119-418A-8B7A-753544E33EAE} = {A232D34E-F682-4AE7-9A0D-C22C5E6AA2E7}
		{674FE5AE-1B44-4D79-BD7E-D9DF95153136} = {A232D34E-F682-4AE7-9A0D-C22C5E6AA2E7}
		{6C670191-030D-4414-A7FB-58A418E03440} = {98D826D7-0F96-4ABC-B4B9-455D9CCB3676}
		{36181374-17C8-43B1-B372-857BADD4957E} = {6C670191-030D-4414-A7FB-58A418E03440}
		{538F8759-B225-443E-AFC2-2CEAFDDC9CD3} = {6C670191-030D-4414-A7FB-58A418E03440}
		{184385AC-A522-4671-A0EB-B7D6F2AFB82E} = {6C670191-030D-4414-A7FB-58A418E03440}
		{E03FF345-A783-44DE-B7F3-2B9CE082728E} = {59E4E9FE-0620-46C6-9266-0F3D4D6A2DC6}
		{936E1121-93C7-45A1-9615-BA97D8B10ECC} = {98D826D7-0F96-4ABC-B4B9-455D9CCB3676}
		{77EDA29B-2FD0-4F36-8339-287BE1ED57D9} = {98D826D7-0F96-4ABC-B4B9-455D9CCB3676}
		{559BF931-BCBC-4885-8DFC-5C0A973CFBE5} = {98D826D7-0F96-4ABC-B4B9-455D9CCB3676}
		{B979937B-7361-425D-B268-3B817F163AFA} = {98D826D7-0F96-4ABC-B4B9-455D9CCB3676}
		{F39690F9-7278-41C0-81AE-946AFFE7658F} = {98D826D7-0F96-4ABC-B4B9-455D9CCB3676}
		{32DDA3C0-6022-4E14-B545-F0767B43D258} = {98D826D7-0F96-4ABC-B4B9-455D9CCB3676}
		{16D3192B-3529-43CD-BF8D-78594963A3D8} = {98D826D7-0F96-4ABC-B4B9-455D9CCB3676}
		{80E9C6E4-09F0-4F91-A005-48C51C4B50D6} = {98D826D7-0F96-4ABC-B4B9-455D9CCB3676}
		{24731FA0-BA54-47D8-A0A0-44D1BA108782} = {98D826D7-0F96-4ABC-B4B9-455D9CCB3676}
		{3FC663B1-3D49-4E03-A92E-0EC3E575F6F8} = {98D826D7-0F96-4ABC-B4B9-455D9CCB3676}
		{FAAC7CE4-A1FC-4B0A-B4AC-D26919434965} = {98D826D7-0F96-4ABC-B4B9-455D9CCB3676}
		{A08F3794-DCF7-486F-931A-3D48D6FCBFA7} = {4DD67118-C24A-4EB8-A4B9-D8F7782E3677}
		{D1E9AA37-795A-4CC2-A02F-A7BC6C2DD31C} = {E208217D-8E67-4D78-83FB-1955AEE2447E}
		{A23C7C82-1450-4CE9-8C7B-2D69C5DFBAC2} = {E208217D-8E67-4D78-83FB-1955AEE2447E}
	EndGlobalSection
	GlobalSection(ExtensibilityGlobals) = postSolution
		SolutionGuid = {B3AA24A9-8C58-4581-9EE0-A6728A2AD5BC}
	EndGlobalSection
EndGlobal
