
Microsoft Visual Studio Solution File, Format Version 12.00
# Visual Studio 15
VisualStudioVersion = 15.0.28307.102
MinimumVisualStudioVersion = 10.0.40219.1
Project("{FAE04EC0-301F-11D3-BF4B-00C04F79EFBC}") = "ISTC.coddingschool.System.IO", "ISTC.coddingschool.System.IO\ISTC.coddingschool.System.IO.csproj", "{54C64D12-7CE6-4A36-8CF9-8B73D89A11B6}"
EndProject
Project("{FAE04EC0-301F-11D3-BF4B-00C04F79EFBC}") = "ISTC.codingschool.OOP.Reflection1", "ISTC.codingschool.OOP.Reflection1\ISTC.codingschool.OOP.Reflection1.csproj", "{4F3A30B4-4898-4428-954B-BCA107A1B167}"
EndProject
Project("{FAE04EC0-301F-11D3-BF4B-00C04F79EFBC}") = "ISTC.codingschool.OOP.Reflection.Assembly", "ISTC.codingschool.OOP.Reflection.Assembly\ISTC.codingschool.OOP.Reflection.Assembly.csproj", "{55EB3FE4-28DA-40DB-AD3D-53B8060692AD}"
EndProject
Project("{FAE04EC0-301F-11D3-BF4B-00C04F79EFBC}") = "ReflectionOfProject.Assembly,MyCar", "ReflectionOfProjectMyCar\ReflectionOfProject.Assembly,MyCar.csproj", "{CF9E9D96-0DEA-420F-B762-9F7A3FCB2901}"
EndProject
Project("{FAE04EC0-301F-11D3-BF4B-00C04F79EFBC}") = "ISTC.codingschool.OOP.Attributes", "ISTC.codingschool.OOP.Attributes\ISTC.codingschool.OOP.Attributes.csproj", "{CD72E7BA-495D-430A-AFDB-2B1DA4ACC7CD}"
EndProject
Project("{FAE04EC0-301F-11D3-BF4B-00C04F79EFBC}") = "ISTC.codingschool.OOP.Attributes.exemple2", "ISTC.codingschool.OOP.Attributes.exemple2\ISTC.codingschool.OOP.Attributes.exemple2.csproj", "{36C03AA8-BFE4-4F53-B58F-09355C4304D7}"
EndProject
Global
	GlobalSection(SolutionConfigurationPlatforms) = preSolution
		Debug|Any CPU = Debug|Any CPU
		Release|Any CPU = Release|Any CPU
	EndGlobalSection
	GlobalSection(ProjectConfigurationPlatforms) = postSolution
		{54C64D12-7CE6-4A36-8CF9-8B73D89A11B6}.Debug|Any CPU.ActiveCfg = Debug|Any CPU
		{54C64D12-7CE6-4A36-8CF9-8B73D89A11B6}.Debug|Any CPU.Build.0 = Debug|Any CPU
		{54C64D12-7CE6-4A36-8CF9-8B73D89A11B6}.Release|Any CPU.ActiveCfg = Release|Any CPU
		{54C64D12-7CE6-4A36-8CF9-8B73D89A11B6}.Release|Any CPU.Build.0 = Release|Any CPU
		{4F3A30B4-4898-4428-954B-BCA107A1B167}.Debug|Any CPU.ActiveCfg = Debug|Any CPU
		{4F3A30B4-4898-4428-954B-BCA107A1B167}.Debug|Any CPU.Build.0 = Debug|Any CPU
		{4F3A30B4-4898-4428-954B-BCA107A1B167}.Release|Any CPU.ActiveCfg = Release|Any CPU
		{4F3A30B4-4898-4428-954B-BCA107A1B167}.Release|Any CPU.Build.0 = Release|Any CPU
		{55EB3FE4-28DA-40DB-AD3D-53B8060692AD}.Debug|Any CPU.ActiveCfg = Debug|Any CPU
		{55EB3FE4-28DA-40DB-AD3D-53B8060692AD}.Debug|Any CPU.Build.0 = Debug|Any CPU
		{55EB3FE4-28DA-40DB-AD3D-53B8060692AD}.Release|Any CPU.ActiveCfg = Release|Any CPU
		{55EB3FE4-28DA-40DB-AD3D-53B8060692AD}.Release|Any CPU.Build.0 = Release|Any CPU
		{CF9E9D96-0DEA-420F-B762-9F7A3FCB2901}.Debug|Any CPU.ActiveCfg = Debug|Any CPU
		{CF9E9D96-0DEA-420F-B762-9F7A3FCB2901}.Debug|Any CPU.Build.0 = Debug|Any CPU
		{CF9E9D96-0DEA-420F-B762-9F7A3FCB2901}.Release|Any CPU.ActiveCfg = Release|Any CPU
		{CF9E9D96-0DEA-420F-B762-9F7A3FCB2901}.Release|Any CPU.Build.0 = Release|Any CPU
		{CD72E7BA-495D-430A-AFDB-2B1DA4ACC7CD}.Debug|Any CPU.ActiveCfg = Debug|Any CPU
		{CD72E7BA-495D-430A-AFDB-2B1DA4ACC7CD}.Debug|Any CPU.Build.0 = Debug|Any CPU
		{CD72E7BA-495D-430A-AFDB-2B1DA4ACC7CD}.Release|Any CPU.ActiveCfg = Release|Any CPU
		{CD72E7BA-495D-430A-AFDB-2B1DA4ACC7CD}.Release|Any CPU.Build.0 = Release|Any CPU
		{36C03AA8-BFE4-4F53-B58F-09355C4304D7}.Debug|Any CPU.ActiveCfg = Debug|Any CPU
		{36C03AA8-BFE4-4F53-B58F-09355C4304D7}.Debug|Any CPU.Build.0 = Debug|Any CPU
		{36C03AA8-BFE4-4F53-B58F-09355C4304D7}.Release|Any CPU.ActiveCfg = Release|Any CPU
		{36C03AA8-BFE4-4F53-B58F-09355C4304D7}.Release|Any CPU.Build.0 = Release|Any CPU
	EndGlobalSection
	GlobalSection(SolutionProperties) = preSolution
		HideSolutionNode = FALSE
	EndGlobalSection
	GlobalSection(ExtensibilityGlobals) = postSolution
		SolutionGuid = {B3AA24A9-8C58-4581-9EE0-A6728A2AD5BC}
	EndGlobalSection
EndGlobal
